PODS:
  - CircularProgressMac (2.0.0)
  - KeyboardShortcuts (0.6.0)
  - LoginServiceKit (2.1.0)

DEPENDENCIES:
  - CircularProgressMac
  - KeyboardShortcuts (from `https://github.com/sindresorhus/KeyboardShortcuts.git`)
  - LoginServiceKit (from `https://github.com/Clipy/LoginServiceKit.git`)

SPEC REPOS:
  https://github.com/cocoapods/specs.git:
    - CircularProgressMac

EXTERNAL SOURCES:
  KeyboardShortcuts:
    :git: https://github.com/sindresorhus/KeyboardShortcuts.git
  LoginServiceKit:
    :git: https://github.com/Clipy/LoginServiceKit.git

CHECKOUT OPTIONS:
  KeyboardShortcuts:
    :commit: 02a18776d93afef292e372bfe99d07d7c4a07805
    :git: https://github.com/sindresorhus/KeyboardShortcuts.git
  LoginServiceKit:
    :commit: 0b25f256e07ca110c2883f4f5072a7fe525b5805
    :git: https://github.com/Clipy/LoginServiceKit.git

SPEC CHECKSUMS:
  CircularProgressMac: a444b6c592363993b01993ac2c99847d60d10898
  KeyboardShortcuts: dac504a62f3ab01a2ade3c476423ebd838fa2f96
  LoginServiceKit: 889b5d83f237eb22d93f22fb0a210a0a99d89510

PODFILE CHECKSUM: f969b7940a45aed72ce63bee7bdae51e7185e304

COCOAPODS: 1.5.2
