{
  "pins" : [
    {
      "identity" : "circularprogress",
      "kind" : "remoteSourceControl",
      "location" : "https://github.com/sindresorhus/CircularProgress",
      "state" : {
        "branch" : "main",
        "revision" : "8bb9dd2820b1cc123f2629c86c569c9f6e5edb66"
      }
    },
    {
      "identity" : "keyboardshortcuts",
      "kind" : "remoteSourceControl",
      "location" : "https://github.com/sindresorhus/KeyboardShortcuts",
      "state" : {
        "revision" : "be789e0fac9ecced6978440b27f696e864f3057d",
        "version" : "1.8.0"
      }
    },
    {
      "identity" : "launchatlogin",
      "kind" : "remoteSourceControl",
      "location" : "https://github.com/sindresorhus/LaunchAtLogin",
      "state" : {
        "branch" : "main",
        "revision" : "7ad6331f9c38953eb1ce8737758e18f7607e984a"
      }
    },
    {
      "identity" : "sparkle",
      "kind" : "remoteSourceControl",
      "location" : "https://github.com/sparkle-project/Sparkle",
      "state" : {
        "branch" : "2.x",
        "revision" : "4ac6ea827a7eb988439253c0d4ce6862c3dc900b"
      }
    }
  ],
  "version" : 2
}
